
Microsoft Visual Studio Solution File, Format Version 12.00
# Visual Studio Version 16
VisualStudioVersion = 16.0.29728.190
MinimumVisualStudioVersion = 10.0.40219.1
Project("{9A19103F-16F7-4668-BE54-9A1E7A4F7556}") = "datastructures", "datastructures\datastructures.csproj", "{E931F2BA-23BB-475B-9850-E2334B5AD21A}"
EndProject
Project("{9A19103F-16F7-4668-BE54-9A1E7A4F7556}") = "NUnitTestProject1", "NUnitTestProject1\NUnitTestProject1.csproj", "{5215DEE5-6286-4772-AC1B-F8A08F3A66B1}"
EndProject
Global
	GlobalSection(SolutionConfigurationPlatforms) = preSolution
		Debug|Any CPU = Debug|Any CPU
		Release|Any CPU = Release|Any CPU
	EndGlobalSection
	GlobalSection(ProjectConfigurationPlatforms) = postSolution
		{E931F2BA-23BB-475B-9850-E2334B5AD21A}.Debug|Any CPU.ActiveCfg = Debug|Any CPU
		{E931F2BA-23BB-475B-9850-E2334B5AD21A}.Debug|Any CPU.Build.0 = Debug|Any CPU
		{E931F2BA-23BB-475B-9850-E2334B5AD21A}.Release|Any CPU.ActiveCfg = Release|Any CPU
		{E931F2BA-23BB-475B-9850-E2334B5AD21A}.Release|Any CPU.Build.0 = Release|Any CPU
		{5215DEE5-6286-4772-AC1B-F8A08F3A66B1}.Debug|Any CPU.ActiveCfg = Debug|Any CPU
		{5215DEE5-6286-4772-AC1B-F8A08F3A66B1}.Debug|Any CPU.Build.0 = Debug|Any CPU
		{5215DEE5-6286-4772-AC1B-F8A08F3A66B1}.Release|Any CPU.ActiveCfg = Release|Any CPU
		{5215DEE5-6286-4772-AC1B-F8A08F3A66B1}.Release|Any CPU.Build.0 = Release|Any CPU
	EndGlobalSection
	GlobalSection(SolutionProperties) = preSolution
		HideSolutionNode = FALSE
	EndGlobalSection
	GlobalSection(ExtensibilityGlobals) = postSolution
		SolutionGuid = {244FC1DE-6608-4C81-9B8A-944FD78881AD}
	EndGlobalSection
EndGlobal
